
Microsoft Visual Studio Solution File, Format Version 12.00
# Visual Studio Version 17
VisualStudioVersion = 17.1.32210.238
MinimumVisualStudioVersion = 10.0.40219.1
Project("{FAE04EC0-301F-11D3-BF4B-00C04F79EFBC}") = "ControleDeCaixas2", "ControleDeCaixas2\ControleDeCaixas2.csproj", "{BBCCC45C-51F6-46DF-8030-C6975E19137E}"
EndProject
Global
	GlobalSection(SolutionConfigurationPlatforms) = preSolution
		Debug|Any CPU = Debug|Any CPU
		Release|Any CPU = Release|Any CPU
	EndGlobalSection
	GlobalSection(ProjectConfigurationPlatforms) = postSolution
		{BBCCC45C-51F6-46DF-8030-C6975E19137E}.Debug|Any CPU.ActiveCfg = Debug|Any CPU
		{BBCCC45C-51F6-46DF-8030-C6975E19137E}.Debug|Any CPU.Build.0 = Debug|Any CPU
		{BBCCC45C-51F6-46DF-8030-C6975E19137E}.Release|Any CPU.ActiveCfg = Release|Any CPU
		{BBCCC45C-51F6-46DF-8030-C6975E19137E}.Release|Any CPU.Build.0 = Release|Any CPU
	EndGlobalSection
	GlobalSection(SolutionProperties) = preSolution
		HideSolutionNode = FALSE
	EndGlobalSection
	GlobalSection(ExtensibilityGlobals) = postSolution
		SolutionGuid = {B0325470-ED80-4BBD-B325-0F663E05033A}
	EndGlobalSection
EndGlobal
